<?xml version="1.0" encoding="utf-8"?>
<Project ToolsVersion="4.0" xmlns="http://schemas.microsoft.com/developer/msbuild/2003">
  <ItemGroup>
    <Filter Include="Header Files">
      <UniqueIdentifier>{93995380-89BD-4b04-88EB-625FBE52EBFB}</UniqueIdentifier>
      <Extensions>h;hh;hpp;hxx;hm;inl;inc;ipp;xsd</Extensions>
    </Filter>
    <Filter Include="Resource Files">
      <UniqueIdentifier>{67DA6AB6-F800-4c08-8B7A-83BB121AAD01}</UniqueIdentifier>
      <Extensions>rc;ico;cur;bmp;dlg;rc2;rct;bin;rgs;gif;jpg;jpeg;jpe;resx;tiff;tif;png;wav;mfcribbon-ms</Extensions>
    </Filter>
    <Filter Include="Header Files\Graphics">
      <UniqueIdentifier>{ebc3339f-0d03-46d3-8029-0a01fd39ad61}</UniqueIdentifier>
    </Filter>
    <Filter Include="Header Files\ECS">
      <UniqueIdentifier>{b7858206-9c05-4eb4-b00b-23e0f3ff8f85}</UniqueIdentifier>
    </Filter>
    <Filter Include="Header Files\Support">
      <UniqueIdentifier>{5a570c01-6d6b-422b-be5f-537c5e15a743}</UniqueIdentifier>
    </Filter>
    <Filter Include="Header Files\ECS\Components">
      <UniqueIdentifier>{ea01d56e-32e2-48d2-8439-1f25f9847d79}</UniqueIdentifier>
    </Filter>
    <Filter Include="Header Files\ECS\Systems">
      <UniqueIdentifier>{81b0941a-0912-4815-bfc4-b9c2adcc4462}</UniqueIdentifier>
    </Filter>
    <Filter Include="Header Files\Script">
      <UniqueIdentifier>{5c31e2da-3aed-4134-8f98-b8514ddf3a1e}</UniqueIdentifier>
    </Filter>
    <Filter Include="Resource Files\shaders">
      <UniqueIdentifier>{ec843488-0b1c-4a88-9e0a-63eee8231d55}</UniqueIdentifier>
    </Filter>
    <Filter Include="Resource Files\scripts">
      <UniqueIdentifier>{d12c0401-392e-4fe4-95df-3e2093155d38}</UniqueIdentifier>
    </Filter>
    <Filter Include="Resource Files\scripts\camera">
      <UniqueIdentifier>{13dd9f55-84c7-493f-93f6-9c8900923e78}</UniqueIdentifier>
    </Filter>
    <Filter Include="Resource Files\scripts\player">
      <UniqueIdentifier>{130e8ab7-e892-46fa-be73-49080f27c59e}</UniqueIdentifier>
    </Filter>
    <Filter Include="Header Files\Graphics\VAO">
      <UniqueIdentifier>{bddc3d78-4e0d-493c-bdcd-c0769277a518}</UniqueIdentifier>
    </Filter>
    <Filter Include="Resource Files\scripts\_library">
      <UniqueIdentifier>{5930ae98-c055-4ecc-be83-189afdd6fe9b}</UniqueIdentifier>
    </Filter>
    <Filter Include="Resource Files\scripts\_initialise">
      <UniqueIdentifier>{6906ca14-0a3d-42e2-85e7-42609e1d4b1e}</UniqueIdentifier>
    </Filter>
    <Filter Include="Source Files">
      <UniqueIdentifier>{4FC737F1-C7A5-4376-A066-2A32D752A2FF}</UniqueIdentifier>
      <Extensions>cpp;c;cc;cxx;def;odl;idl;hpj;bat;asm;asmx</Extensions>
    </Filter>
    <Filter Include="Source Files\Support">
      <UniqueIdentifier>{8cd78e2c-ebec-416d-bf47-da262f611f91}</UniqueIdentifier>
    </Filter>
    <Filter Include="Source Files\Script">
      <UniqueIdentifier>{cd4685ff-bdb9-48f4-96e0-92c4e07bf839}</UniqueIdentifier>
    </Filter>
    <Filter Include="Source Files\ECS">
      <UniqueIdentifier>{d0cecc33-a185-4166-9035-ba85a1c02dae}</UniqueIdentifier>
    </Filter>
    <Filter Include="Source Files\Graphics">
      <UniqueIdentifier>{47a1f7b3-5a59-42f9-b996-1e854235c58f}</UniqueIdentifier>
    </Filter>
    <Filter Include="Resource Files\scripts\backgrounds">
      <UniqueIdentifier>{bd295cff-2119-49de-bd78-18ec0db8c466}</UniqueIdentifier>
    </Filter>
    <Filter Include="Header Files\Graphics\Unified Lighting">
      <UniqueIdentifier>{0bf8ae7f-cb2d-4be6-8c66-8b0f3bf8e83e}</UniqueIdentifier>
    </Filter>
    <Filter Include="Source Files\Graphics\Unified Lighting">
      <UniqueIdentifier>{c4fc8338-4baa-4645-afb4-e272cba26245}</UniqueIdentifier>
    </Filter>
    <Filter Include="Header Files\ECS\Systems\Graphics System">
      <UniqueIdentifier>{c2543586-e170-4ce4-b514-f1f27a77a900}</UniqueIdentifier>
    </Filter>
    <Filter Include="Header Files\ECS\Components\Graphics Component">
      <UniqueIdentifier>{7af6c3fc-e46a-4332-93ab-4073b01ecf86}</UniqueIdentifier>
    </Filter>
    <Filter Include="Header Files\Audio">
      <UniqueIdentifier>{f8795f38-7395-4b23-ab8a-1934cc0e27f3}</UniqueIdentifier>
    </Filter>
    <Filter Include="Source Files\Audio">
      <UniqueIdentifier>{868368bf-e3c6-4ad8-b2a5-7cf8325e8c69}</UniqueIdentifier>
    </Filter>
    <Filter Include="Header Files\Particles">
      <UniqueIdentifier>{fa9e892c-cdb6-436f-b4d3-5ecfa2baac0b}</UniqueIdentifier>
    </Filter>
    <Filter Include="Header Files\ECS\Systems\Particle System">
      <UniqueIdentifier>{b9e807ad-b3c8-4a55-9ac8-945bb14d5db4}</UniqueIdentifier>
    </Filter>
    <Filter Include="Source Files\Particles">
      <UniqueIdentifier>{9736bfdb-a301-452c-bee9-1b0fdf9ac2ab}</UniqueIdentifier>
    </Filter>
    <Filter Include="Resource Files\scripts\profiler">
      <UniqueIdentifier>{84169089-c15e-48d7-b68b-ab4a1fe755dc}</UniqueIdentifier>
    </Filter>
    <Filter Include="Header Files\Static Movement">
      <UniqueIdentifier>{387b8395-6d35-48eb-b558-33ef6e75c892}</UniqueIdentifier>
    </Filter>
    <Filter Include="Resource Files\scripts\bullet_system">
      <UniqueIdentifier>{7f3715d1-c41b-49e7-9989-f2afe73cf3b6}</UniqueIdentifier>
    </Filter>
  </ItemGroup>
  <ItemGroup>
    <ClCompile Include="main.cpp">
      <Filter>Source Files</Filter>
    </ClCompile>
    <ClCompile Include="str_kit.cpp">
      <Filter>Source Files\Support</Filter>
    </ClCompile>
    <ClCompile Include="timer.cpp">
      <Filter>Source Files\Support</Filter>
    </ClCompile>
    <ClCompile Include="error.cpp">
      <Filter>Source Files\Support</Filter>
    </ClCompile>
    <ClCompile Include="input.cpp">
      <Filter>Source Files\Support</Filter>
    </ClCompile>
    <ClCompile Include="script_master.cpp">
      <Filter>Source Files\Script</Filter>
    </ClCompile>
    <ClCompile Include="pool.cpp">
      <Filter>Source Files\ECS</Filter>
    </ClCompile>
    <ClCompile Include="registar.cpp">
      <Filter>Source Files\Support</Filter>
    </ClCompile>
    <ClCompile Include="events.cpp">
      <Filter>Source Files\ECS</Filter>
    </ClCompile>
    <ClCompile Include="os_kit.cpp">
      <Filter>Source Files\Support</Filter>
    </ClCompile>
    <ClCompile Include="entity_types.cpp">
      <Filter>Source Files\ECS</Filter>
    </ClCompile>
    <ClCompile Include="success_callback.cpp">
      <Filter>Source Files\Support</Filter>
    </ClCompile>
    <ClCompile Include="timed_event_callback.cpp">
      <Filter>Source Files\ECS</Filter>
    </ClCompile>
    <ClCompile Include="functional_callback_system.cpp">
      <Filter>Source Files\Script</Filter>
    </ClCompile>
    <ClCompile Include="_graphics_headers.cpp">
      <Filter>Source Files\Graphics</Filter>
    </ClCompile>
    <ClCompile Include="texture.cpp">
      <Filter>Source Files\Graphics</Filter>
    </ClCompile>
    <ClCompile Include="subpooling.cpp">
      <Filter>Source Files\ECS</Filter>
    </ClCompile>
    <ClCompile Include="gl_handler.cpp">
      <Filter>Source Files\Graphics</Filter>
    </ClCompile>
    <ClCompile Include="systems_master.cpp">
      <Filter>Source Files\ECS</Filter>
    </ClCompile>
    <ClCompile Include="ambient_illumination.cpp">
      <Filter>Source Files\Graphics\Unified Lighting</Filter>
    </ClCompile>
    <ClCompile Include="frame_buffer.cpp">
      <Filter>Source Files\Graphics</Filter>
    </ClCompile>
    <ClCompile Include="collision.cpp">
      <Filter>Source Files\Support</Filter>
    </ClCompile>
    <ClCompile Include="audio_master.cpp">
      <Filter>Source Files\Audio</Filter>
    </ClCompile>
    <ClCompile Include="global_funcs.cpp">
      <Filter>Source Files\Script</Filter>
    </ClCompile>
    <ClCompile Include="random_ex.cpp">
      <Filter>Source Files\Support</Filter>
    </ClCompile>
    <ClCompile Include="particle_master.cpp">
      <Filter>Source Files\Particles</Filter>
    </ClCompile>
    <ClCompile Include="graphics_settings.cpp">
      <Filter>Source Files\Graphics</Filter>
    </ClCompile>
    <ClCompile Include="math_ex.cpp">
      <Filter>Source Files\Support</Filter>
    </ClCompile>
    <ClCompile Include="geometry_kit.cpp">
      <Filter>Source Files\Support</Filter>
    </ClCompile>
    <ClCompile Include="fog.cpp">
      <Filter>Source Files\Graphics</Filter>
    </ClCompile>
    <ClCompile Include="colour_modulation.cpp">
      <Filter>Source Files\Graphics\Unified Lighting</Filter>
    </ClCompile>
  </ItemGroup>
  <ItemGroup>
    <ClInclude Include="graphics_state.h">
      <Filter>Header Files\Graphics</Filter>
    </ClInclude>
    <ClInclude Include="shaders.h">
      <Filter>Header Files\Graphics</Filter>
    </ClInclude>
    <ClInclude Include="component.h">
      <Filter>Header Files\ECS</Filter>
    </ClInclude>
    <ClInclude Include="entity.h">
      <Filter>Header Files\ECS</Filter>
    </ClInclude>
    <ClInclude Include="entity_types.h">
      <Filter>Header Files\ECS</Filter>
    </ClInclude>
    <ClInclude Include="pool.h">
      <Filter>Header Files\ECS</Filter>
    </ClInclude>
    <ClInclude Include="system.h">
      <Filter>Header Files\ECS</Filter>
    </ClInclude>
    <ClInclude Include="animations.h">
      <Filter>Header Files\Graphics</Filter>
    </ClInclude>
    <ClInclude Include="str_kit.h">
      <Filter>Header Files\Support</Filter>
    </ClInclude>
    <ClInclude Include="cus_struct2.h">
      <Filter>Header Files\Support</Filter>
    </ClInclude>
    <ClInclude Include="texture.h">
      <Filter>Header Files\Graphics</Filter>
    </ClInclude>
    <ClInclude Include="constants.h">
      <Filter>Header Files\Support</Filter>
    </ClInclude>
    <ClInclude Include="component_collision.h">
      <Filter>Header Files\ECS\Components</Filter>
    </ClInclude>
    <ClInclude Include="component_health.h">
      <Filter>Header Files\ECS\Components</Filter>
    </ClInclude>
    <ClInclude Include="component_position.h">
      <Filter>Header Files\ECS\Components</Filter>
    </ClInclude>
    <ClInclude Include="reader.h">
      <Filter>Header Files\Support</Filter>
    </ClInclude>
    <ClInclude Include="systems_master.h">
      <Filter>Header Files\ECS</Filter>
    </ClInclude>
    <ClInclude Include="gl_handler.h">
      <Filter>Header Files\Graphics</Filter>
    </ClInclude>
    <ClInclude Include="camera.h">
      <Filter>Header Files\Graphics</Filter>
    </ClInclude>
    <ClInclude Include="graphics_settings.h">
      <Filter>Header Files\Graphics</Filter>
    </ClInclude>
    <ClInclude Include="thread_cruncher.h">
      <Filter>Header Files\Support</Filter>
    </ClInclude>
    <ClInclude Include="input.h">
      <Filter>Header Files\Support</Filter>
    </ClInclude>
    <ClInclude Include="timer.h">
      <Filter>Header Files\Support</Filter>
    </ClInclude>
    <ClInclude Include="ecs_master.h">
      <Filter>Header Files\ECS</Filter>
    </ClInclude>
    <ClInclude Include="system_garbage_collector.h">
      <Filter>Header Files\ECS\Systems</Filter>
    </ClInclude>
    <ClInclude Include="system__header.h">
      <Filter>Header Files\ECS\Systems</Filter>
    </ClInclude>
    <ClInclude Include="n_buffer.h">
      <Filter>Header Files\Support</Filter>
    </ClInclude>
    <ClInclude Include="system_animation.h">
      <Filter>Header Files\ECS\Systems</Filter>
    </ClInclude>
    <ClInclude Include="component_animation.h">
      <Filter>Header Files\ECS\Components</Filter>
    </ClInclude>
    <ClInclude Include="error.h">
      <Filter>Header Files\Support</Filter>
    </ClInclude>
    <ClInclude Include="component_text.h">
      <Filter>Header Files\ECS\Components</Filter>
    </ClInclude>
    <ClInclude Include="system_text.h">
      <Filter>Header Files\ECS\Systems</Filter>
    </ClInclude>
    <ClInclude Include="system_console.h">
      <Filter>Header Files\ECS\Systems</Filter>
    </ClInclude>
    <ClInclude Include="component_console.h">
      <Filter>Header Files\ECS\Components</Filter>
    </ClInclude>
    <ClInclude Include="script_unit.h">
      <Filter>Header Files\Script</Filter>
    </ClInclude>
    <ClInclude Include="script_master.h">
      <Filter>Header Files\Script</Filter>
    </ClInclude>
    <ClInclude Include="global_funcs.h">
      <Filter>Header Files\Script</Filter>
    </ClInclude>
    <ClInclude Include="scriptable_class.h">
      <Filter>Header Files\Script</Filter>
    </ClInclude>
    <ClInclude Include="registar.h">
      <Filter>Header Files\Support</Filter>
    </ClInclude>
    <ClInclude Include="system_loader.h">
      <Filter>Header Files\ECS\Systems</Filter>
    </ClInclude>
    <ClInclude Include="system_game_state_control.h">
      <Filter>Header Files\ECS\Systems</Filter>
    </ClInclude>
    <ClInclude Include="events.h">
      <Filter>Header Files\ECS</Filter>
    </ClInclude>
    <ClInclude Include="os_kit.h">
      <Filter>Header Files\Support</Filter>
    </ClInclude>
    <ClInclude Include="component_timer.h">
      <Filter>Header Files\ECS\Components</Filter>
    </ClInclude>
    <ClInclude Include="system_timer.h">
      <Filter>Header Files\ECS\Systems</Filter>
    </ClInclude>
    <ClInclude Include="success_callback.h">
      <Filter>Header Files\Support</Filter>
    </ClInclude>
    <ClInclude Include="system_camera.h">
      <Filter>Header Files\ECS\Systems</Filter>
    </ClInclude>
    <ClInclude Include="component_camera.h">
      <Filter>Header Files\ECS\Components</Filter>
    </ClInclude>
    <ClInclude Include="component_input.h">
      <Filter>Header Files\ECS\Components</Filter>
    </ClInclude>
    <ClInclude Include="mmap.h">
      <Filter>Header Files\Support</Filter>
    </ClInclude>
    <ClInclude Include="functional_callback_system.h">
      <Filter>Header Files\Script</Filter>
    </ClInclude>
    <ClInclude Include="component_movement.h">
      <Filter>Header Files\ECS\Components</Filter>
    </ClInclude>
    <ClInclude Include="component_extended_scripting.h">
      <Filter>Header Files\ECS\Components</Filter>
    </ClInclude>
    <ClInclude Include="any_type.h">
      <Filter>Header Files\Support</Filter>
    </ClInclude>
    <ClInclude Include="timed_event_callback.h">
      <Filter>Header Files\ECS</Filter>
    </ClInclude>
    <ClInclude Include="component_spawner.h">
      <Filter>Header Files\ECS\Components</Filter>
    </ClInclude>
    <ClInclude Include="system_spawner.h">
      <Filter>Header Files\ECS\Systems</Filter>
    </ClInclude>
    <ClInclude Include="vao_buffer.h">
      <Filter>Header Files\Graphics\VAO</Filter>
    </ClInclude>
    <ClInclude Include="vao_boxdata.h">
      <Filter>Header Files\Graphics\VAO</Filter>
    </ClInclude>
    <ClInclude Include="system_movement.h">
      <Filter>Header Files\ECS\Systems</Filter>
    </ClInclude>
    <ClInclude Include="system_bounds_control.h">
      <Filter>Header Files\ECS\Systems</Filter>
    </ClInclude>
    <ClInclude Include="system_rotation.h">
      <Filter>Header Files\ECS\Systems</Filter>
    </ClInclude>
    <ClInclude Include="component_multi_entity.h">
      <Filter>Header Files\ECS\Components</Filter>
    </ClInclude>
    <ClInclude Include="system_multi_ent.h">
      <Filter>Header Files\ECS\Systems</Filter>
    </ClInclude>
    <ClInclude Include="algorithm_ex.h">
      <Filter>Header Files\Support</Filter>
    </ClInclude>
    <ClInclude Include="system_profiler.h">
      <Filter>Header Files\ECS\Systems</Filter>
    </ClInclude>
    <ClInclude Include="_graphics_headers.h">
      <Filter>Header Files\Graphics</Filter>
    </ClInclude>
    <ClInclude Include="math_ex.h">
      <Filter>Header Files\Support</Filter>
    </ClInclude>
    <ClInclude Include="vec_kit.h">
      <Filter>Header Files\Support</Filter>
    </ClInclude>
    <ClInclude Include="frame_buffer.h">
      <Filter>Header Files\Graphics</Filter>
    </ClInclude>
    <ClInclude Include="vao_screenbuffer.h">
      <Filter>Header Files\Graphics\VAO</Filter>
    </ClInclude>
    <ClInclude Include="timed_callback.h">
      <Filter>Header Files\Support</Filter>
    </ClInclude>
    <ClInclude Include="timed_block.h">
      <Filter>Header Files\Support</Filter>
    </ClInclude>
    <ClInclude Include="system_background.h">
      <Filter>Header Files\ECS\Systems</Filter>
    </ClInclude>
    <ClInclude Include="component_driftable.h">
      <Filter>Header Files\ECS\Components</Filter>
    </ClInclude>
    <ClInclude Include="system_driftable.h">
      <Filter>Header Files\ECS\Systems</Filter>
    </ClInclude>
    <ClInclude Include="component_no_bounds_control.h">
      <Filter>Header Files\ECS\Components</Filter>
    </ClInclude>
    <ClInclude Include="subpooling.h">
      <Filter>Header Files\ECS</Filter>
    </ClInclude>
    <ClInclude Include="performance_counter.h">
      <Filter>Header Files\Support</Filter>
    </ClInclude>
    <ClInclude Include="graphics_master.h">
      <Filter>Header Files\Graphics</Filter>
    </ClInclude>
    <ClInclude Include="graphics_link.h">
      <Filter>Header Files\Graphics</Filter>
    </ClInclude>
    <ClInclude Include="ambient_illumination.h">
      <Filter>Header Files\Graphics\Unified Lighting</Filter>
    </ClInclude>
    <ClInclude Include="directional_light.h">
      <Filter>Header Files\Graphics\Unified Lighting</Filter>
    </ClInclude>
    <ClInclude Include="vao_directional_light.h">
      <Filter>Header Files\Graphics\VAO</Filter>
    </ClInclude>
    <ClInclude Include="screen_space_consts.h">
      <Filter>Header Files\Graphics</Filter>
    </ClInclude>
    <ClInclude Include="system_graphics.h">
      <Filter>Header Files\ECS\Systems\Graphics System</Filter>
    </ClInclude>
    <ClInclude Include="component_graphics.h">
      <Filter>Header Files\ECS\Components\Graphics Component</Filter>
    </ClInclude>
    <ClInclude Include="component_directional_light.h">
      <Filter>Header Files\ECS\Components\Graphics Component</Filter>
    </ClInclude>
    <ClInclude Include="system_directional_lighting.h">
      <Filter>Header Files\ECS\Systems\Graphics System</Filter>
    </ClInclude>
    <ClInclude Include="collision.h">
      <Filter>Header Files\Support</Filter>
    </ClInclude>
    <ClInclude Include="system_collision.h">
      <Filter>Header Files\ECS\Systems</Filter>
    </ClInclude>
    <ClInclude Include="component_damage.h">
      <Filter>Header Files\ECS\Components</Filter>
    </ClInclude>
    <ClInclude Include="system_health.h">
      <Filter>Header Files\ECS\Systems</Filter>
    </ClInclude>
    <ClInclude Include="audio_master.h">
      <Filter>Header Files\Audio</Filter>
    </ClInclude>
    <ClInclude Include="audio_file.h">
      <Filter>Header Files\Audio</Filter>
    </ClInclude>
    <ClInclude Include="audio_source.h">
      <Filter>Header Files\Audio</Filter>
    </ClInclude>
    <ClInclude Include="system_audio.h">
      <Filter>Header Files\ECS\Systems</Filter>
    </ClInclude>
    <ClInclude Include="component_audio.h">
      <Filter>Header Files\ECS\Components</Filter>
    </ClInclude>
    <ClInclude Include="system_music.h">
      <Filter>Header Files\ECS\Systems</Filter>
    </ClInclude>
    <ClInclude Include="audio_listener.h">
      <Filter>Header Files\Audio</Filter>
    </ClInclude>
    <ClInclude Include="component_listener.h">
      <Filter>Header Files\ECS\Components</Filter>
    </ClInclude>
    <ClInclude Include="system_transparency.h">
      <Filter>Header Files\ECS\Systems</Filter>
    </ClInclude>
    <ClInclude Include="component_transparency.h">
      <Filter>Header Files\ECS\Components</Filter>
    </ClInclude>
    <ClInclude Include="particle_spawner.h">
      <Filter>Header Files\Particles</Filter>
    </ClInclude>
    <ClInclude Include="particle.h">
      <Filter>Header Files\Particles</Filter>
    </ClInclude>
    <ClInclude Include="particle_master.h">
      <Filter>Header Files\Particles</Filter>
    </ClInclude>
    <ClInclude Include="random_ex.h">
      <Filter>Header Files\Support</Filter>
    </ClInclude>
    <ClInclude Include="particle_type.h">
      <Filter>Header Files\Particles</Filter>
    </ClInclude>
    <ClInclude Include="component_particle.h">
      <Filter>Header Files\ECS\Components</Filter>
    </ClInclude>
    <ClInclude Include="force_applier.h">
      <Filter>Header Files\Particles</Filter>
    </ClInclude>
    <ClInclude Include="component_force_applier.h">
      <Filter>Header Files\ECS\Components</Filter>
    </ClInclude>
    <ClInclude Include="system_particle_spawner.h">
      <Filter>Header Files\ECS\Systems\Particle System</Filter>
    </ClInclude>
    <ClInclude Include="system_particle_update.h">
      <Filter>Header Files\ECS\Systems\Particle System</Filter>
    </ClInclude>
    <ClInclude Include="system_force_applier.h">
      <Filter>Header Files\ECS\Systems\Particle System</Filter>
    </ClInclude>
    <ClInclude Include="system_player.h">
      <Filter>Header Files\ECS\Systems</Filter>
    </ClInclude>
    <ClInclude Include="ini_parser.h">
      <Filter>Header Files\Support</Filter>
    </ClInclude>
    <ClInclude Include="component_static_movement.h">
      <Filter>Header Files\ECS\Components</Filter>
    </ClInclude>
    <ClInclude Include="movement_command.h">
      <Filter>Header Files\Static Movement</Filter>
    </ClInclude>
    <ClInclude Include="movement_commander.h">
      <Filter>Header Files\Static Movement</Filter>
    </ClInclude>
    <ClInclude Include="movement_quanta.h">
      <Filter>Header Files\Static Movement</Filter>
    </ClInclude>
    <ClInclude Include="movement_fixed_point.h">
      <Filter>Header Files\Static Movement</Filter>
    </ClInclude>
    <ClInclude Include="movement_fixed_move.h">
      <Filter>Header Files\Static Movement</Filter>
    </ClInclude>
    <ClInclude Include="movement_smooth_points.h">
      <Filter>Header Files\Static Movement</Filter>
    </ClInclude>
    <ClInclude Include="system_weather.h">
      <Filter>Header Files\ECS\Systems</Filter>
    </ClInclude>
    <ClInclude Include="system_particle_boxes.h">
      <Filter>Header Files\ECS\Systems\Graphics System</Filter>
    </ClInclude>
    <ClInclude Include="point_light.h">
      <Filter>Header Files\Graphics\Unified Lighting</Filter>
    </ClInclude>
    <ClInclude Include="component_point_light.h">
      <Filter>Header Files\ECS\Components\Graphics Component</Filter>
    </ClInclude>
    <ClInclude Include="system_point_lighting.h">
      <Filter>Header Files\ECS\Systems\Graphics System</Filter>
    </ClInclude>
    <ClInclude Include="vao_point_light.h">
      <Filter>Header Files\Graphics\VAO</Filter>
    </ClInclude>
    <ClInclude Include="geometry_kit.h">
      <Filter>Header Files\Support</Filter>
    </ClInclude>
    <ClInclude Include="system_point_lighting_update.h">
      <Filter>Header Files\ECS\Systems</Filter>
    </ClInclude>
    <ClInclude Include="fog.h">
      <Filter>Header Files\Graphics\Unified Lighting</Filter>
    </ClInclude>
    <ClInclude Include="component_offset_master.h">
      <Filter>Header Files\ECS\Components</Filter>
    </ClInclude>
    <ClInclude Include="component_min_ambient.h">
      <Filter>Header Files\ECS\Components</Filter>
    </ClInclude>
    <ClInclude Include="component_bullet_master.h">
      <Filter>Header Files\ECS\Components</Filter>
    </ClInclude>
    <ClInclude Include="system_bullet_master.h">
      <Filter>Header Files\ECS\Systems</Filter>
    </ClInclude>
    <ClInclude Include="component_offset_once.h">
      <Filter>Header Files\ECS\Components</Filter>
    </ClInclude>
    <ClInclude Include="component_clamp_position.h">
      <Filter>Header Files\ECS\Components</Filter>
    </ClInclude>
    <ClInclude Include="component_rotation.h">
      <Filter>Header Files\ECS\Components</Filter>
    </ClInclude>
    <ClInclude Include="component_bullet_spawner.h">
      <Filter>Header Files\ECS\Components</Filter>
    </ClInclude>
    <ClInclude Include="system_bullet_spawner.h">
      <Filter>Header Files\ECS\Systems</Filter>
    </ClInclude>
    <ClInclude Include="component_die_with_master.h">
      <Filter>Header Files\ECS\Components</Filter>
    </ClInclude>
    <ClInclude Include="system_die_with_master.h">
      <Filter>Header Files\ECS\Systems</Filter>
    </ClInclude>
    <ClInclude Include="colour_modulation.h">
      <Filter>Header Files\Graphics\Unified Lighting</Filter>
    </ClInclude>
    <ClInclude Include="trending_value.h">
      <Filter>Header Files\Support</Filter>
    </ClInclude>
    <ClInclude Include="system_colour_modulation.h">
      <Filter>Header Files\ECS\Systems</Filter>
    </ClInclude>
    <ClInclude Include="system_ambient_light.h">
      <Filter>Header Files\ECS\Systems</Filter>
    </ClInclude>
    <ClInclude Include="system_fog.h">
      <Filter>Header Files\ECS\Systems</Filter>
    </ClInclude>
    <ClInclude Include="system_directional_lighting_update.h">
      <Filter>Header Files\ECS\Systems</Filter>
    </ClInclude>
  </ItemGroup>
  <ItemGroup>
    <None Include="wd\shaders\base.vert">
      <Filter>Resource Files\shaders</Filter>
    </None>
    <None Include="wd\shaders\base.frag">
      <Filter>Resource Files\shaders</Filter>
    </None>
    <None Include="wd\scripts\camera\camera.lua">
      <Filter>Resource Files\scripts\camera</Filter>
    </None>
    <None Include="wd\scripts\player\player.lua">
      <Filter>Resource Files\scripts\player</Filter>
    </None>
    <None Include="wd\scripts\_library\math_utils.lua">
      <Filter>Resource Files\scripts\_library</Filter>
    </None>
    <None Include="wd\scripts\_library\pool_utils.lua">
      <Filter>Resource Files\scripts\_library</Filter>
    </None>
    <None Include="wd\scripts\_library\library.lua">
      <Filter>Resource Files\scripts\_library</Filter>
    </None>
    <None Include="wd\scripts\_library\library_ex.lua">
      <Filter>Resource Files\scripts\_library</Filter>
    </None>
    <None Include="wd\scripts\_initialise\registar.lua">
      <Filter>Resource Files\scripts\_initialise</Filter>
    </None>
    <None Include="wd\scripts\camera\initialise_camera.lua">
      <Filter>Resource Files\scripts\camera</Filter>
    </None>
    <None Include="wd\scripts\player\initialise_player.lua">
      <Filter>Resource Files\scripts\player</Filter>
    </None>
    <None Include="wd\scripts\_library\string_ex.lua">
      <Filter>Resource Files\scripts\_library</Filter>
    </None>
    <None Include="wd\scripts\_initialise\animations.lua">
      <Filter>Resource Files\scripts\_initialise</Filter>
    </None>
    <None Include="wd\scripts\_initialise\drift.lua">
      <Filter>Resource Files\scripts\_initialise</Filter>
    </None>
    <None Include="wd\scripts\backgrounds\initialise_background_master.lua">
      <Filter>Resource Files\scripts\backgrounds</Filter>
    </None>
    <None Include="wd\scripts\backgrounds\background_master.lua">
      <Filter>Resource Files\scripts\backgrounds</Filter>
    </None>
    <None Include="wd\shaders\unified_lighting.frag">
      <Filter>Resource Files\shaders</Filter>
    </None>
    <None Include="wd\shaders\unified_lighting.vert">
      <Filter>Resource Files\shaders</Filter>
    </None>
    <None Include="wd\shaders\helper.glsl">
      <Filter>Resource Files\shaders</Filter>
    </None>
    <None Include="wd\scripts\_initialise\unified_lighting.lua">
      <Filter>Resource Files\scripts\_initialise</Filter>
    </None>
    <None Include="wd\scripts\_initialise\anonymous_spawner.lua">
      <Filter>Resource Files\scripts\_initialise</Filter>
    </None>
    <None Include="wd\shaders\directional_lighting.frag">
      <Filter>Resource Files\shaders</Filter>
    </None>
    <None Include="wd\shaders\directional_lighting.vert">
      <Filter>Resource Files\shaders</Filter>
    </None>
    <None Include="wd\shaders\ui.vert">
      <Filter>Resource Files\shaders</Filter>
    </None>
    <None Include="wd\shaders\ui.frag">
      <Filter>Resource Files\shaders</Filter>
    </None>
    <None Include="wd\scripts\_initialise\audio.lua">
      <Filter>Resource Files\scripts\_initialise</Filter>
    </None>
    <None Include="wd\shaders\front_depth_buffer.vert">
      <Filter>Resource Files\shaders</Filter>
    </None>
    <None Include="wd\shaders\front_depth_buffer.frag">
      <Filter>Resource Files\shaders</Filter>
    </None>
    <None Include="wd\scripts\_initialise\particles.lua">
      <Filter>Resource Files\scripts\_initialise</Filter>
    </None>
    <None Include="wd\shaders\gauss.frag">
      <Filter>Resource Files\shaders</Filter>
    </None>
    <None Include="wd\shaders\gauss.vert">
      <Filter>Resource Files\shaders</Filter>
    </None>
    <None Include="wd\shaders\colour_correction.vert">
      <Filter>Resource Files\shaders</Filter>
    </None>
    <None Include="wd\shaders\colour_correction.frag">
      <Filter>Resource Files\shaders</Filter>
    </None>
    <None Include="wd\shaders\bloom.frag">
      <Filter>Resource Files\shaders</Filter>
    </None>
    <None Include="wd\shaders\bloom.vert">
      <Filter>Resource Files\shaders</Filter>
    </None>
    <None Include="wd\scripts\_initialise\post_effects.lua">
      <Filter>Resource Files\scripts\_initialise</Filter>
    </None>
    <None Include="wd\scripts\profiler\initialise_profiling.lua">
      <Filter>Resource Files\scripts\profiler</Filter>
    </None>
    <None Include="wd\scripts\profiler\profiler.lua">
      <Filter>Resource Files\scripts\profiler</Filter>
    </None>
    <None Include="wd\scripts\_initialise\weather.lua">
      <Filter>Resource Files\scripts\_initialise</Filter>
    </None>
    <None Include="wd\shaders\point_lighting.frag">
      <Filter>Resource Files\shaders</Filter>
    </None>
    <None Include="wd\shaders\point_lighting.vert">
      <Filter>Resource Files\shaders</Filter>
    </None>
    <None Include="wd\scripts\bullet_system\bullet_spawners.lua">
      <Filter>Resource Files\scripts\bullet_system</Filter>
    </None>
    <None Include="wd\shaders\_gauss.vert">
      <Filter>Resource Files\shaders</Filter>
    </None>
    <None Include="wd\shaders\_gauss.frag">
      <Filter>Resource Files\shaders</Filter>
    </None>
  </ItemGroup>
  <ItemGroup>
    <Text Include="wd\log.txt">
      <Filter>Resource Files</Filter>
    </Text>
  </ItemGroup>
</Project>